
Microsoft Visual Studio Solution File, Format Version 12.00
# Visual Studio 15
VisualStudioVersion = 15.0.28307.329
MinimumVisualStudioVersion = 10.0.40219.1
Project("{FAE04EC0-301F-11D3-BF4B-00C04F79EFBC}") = "CalculatorProject", "CalculatorProject\CalculatorProject.csproj", "{12B74B4D-035D-4D17-A39A-EDF1B506C05B}"
EndProject
Global
	GlobalSection(SolutionConfigurationPlatforms) = preSolution
		Debug|Any CPU = Debug|Any CPU
		Release|Any CPU = Release|Any CPU
	EndGlobalSection
	GlobalSection(ProjectConfigurationPlatforms) = postSolution
		{12B74B4D-035D-4D17-A39A-EDF1B506C05B}.Debug|Any CPU.ActiveCfg = Debug|Any CPU
		{12B74B4D-035D-4D17-A39A-EDF1B506C05B}.Debug|Any CPU.Build.0 = Debug|Any CPU
		{12B74B4D-035D-4D17-A39A-EDF1B506C05B}.Release|Any CPU.ActiveCfg = Release|Any CPU
		{12B74B4D-035D-4D17-A39A-EDF1B506C05B}.Release|Any CPU.Build.0 = Release|Any CPU
	EndGlobalSection
	GlobalSection(SolutionProperties) = preSolution
		HideSolutionNode = FALSE
	EndGlobalSection
	GlobalSection(ExtensibilityGlobals) = postSolution
		SolutionGuid = {86E97A49-405A-448B-867C-A4FDE9FEE0F4}
	EndGlobalSection
EndGlobal
